{
  "requires": true,
  "lockfileVersion": 1,
  "dependencies": {
    "vxe-table": {
      "version": "2.5.16",
      "resolved": "https://registry.npmjs.org/vxe-table/-/vxe-table-2.5.16.tgz",
      "integrity": "sha512-2bhqRXAYZAhNn/kC8QAlFrmUDJPMyUtI7z3os1zzAS86yqawBnO24+DQFyvT2YTWqxhjUeWhc5FOyGiiXGumqw=="
    },
    "xe-utils": {
      "version": "2.2.4",
      "resolved": "https://registry.npmjs.org/xe-utils/-/xe-utils-2.2.4.tgz",
      "integrity": "sha512-IhXX8ligMhza1o+QFiG//eg1HD01dhHnFA+9HgGDvnr8gC9m5i6Jlyo/oHj/HFWncHc3s/0oZ+l/AESHHxHmGg=="
    }
  }
}
